PODS:
  - sharedWeatherPlatform (1.0.0)

DEPENDENCIES:
  - sharedWeatherPlatform (from `../sharedWeatherPlatform`)

EXTERNAL SOURCES:
  sharedWeatherPlatform:
    :path: "../sharedWeatherPlatform"

SPEC CHECKSUMS:
  sharedWeatherPlatform: 4fb81a99a1a105ab9c93b8c1fe4277e5400946a6

PODFILE CHECKSUM: 35212ab48e817d8e1f68f83658d778ba5c001c3e

COCOAPODS: 1.11.2
